// !$*UTF8*$!
{
	archiveVersion = 1;
	classes = {
	};
	objectVersion = 46;
	objects = {

/* Begin PBXBuildFile section */
		16FC6F065BCD5A8F2AE7BE13 /* Pods_Tests_OSX.framework in Frameworks */ = {isa = PBXBuildFile; fileRef = DFC16DDC6D674AFA829FA8C4 /* Pods_Tests_OSX.framework */; };
		57C449BB1CFA762900571939 /* General.swift in Sources */ = {isa = PBXBuildFile; fileRef = 57C449BA1CFA762900571939 /* General.swift */; };
		57C449BC1CFA762900571939 /* General.swift in Sources */ = {isa = PBXBuildFile; fileRef = 57C449BA1CFA762900571939 /* General.swift */; };
		57E45C2F1CFB89BF00B0C868 /* OptionalTests.swift in Sources */ = {isa = PBXBuildFile; fileRef = 57E45C2E1CFB89BF00B0C868 /* OptionalTests.swift */; };
		57E45C301CFB89BF00B0C868 /* OptionalTests.swift in Sources */ = {isa = PBXBuildFile; fileRef = 57E45C2E1CFB89BF00B0C868 /* OptionalTests.swift */; };
		57ECC02A1CF55813002AA20C /* IOTests.swift in Sources */ = {isa = PBXBuildFile; fileRef = 57ECC0291CF55813002AA20C /* IOTests.swift */; };
		57ECC02B1CF55813002AA20C /* IOTests.swift in Sources */ = {isa = PBXBuildFile; fileRef = 57ECC0291CF55813002AA20C /* IOTests.swift */; };
		6976BF747BF33F4DD253369B /* Pods_Tests_iOS.framework in Frameworks */ = {isa = PBXBuildFile; fileRef = 659BF50129D17E374BD62054 /* Pods_Tests_iOS.framework */; };
/* End PBXBuildFile section */

/* Begin PBXFileReference section */
		1915923E0F1E961CA09B39D3 /* Pods-Tests-iOS.release.xcconfig */ = {isa = PBXFileReference; includeInIndex = 1; lastKnownFileType = text.xcconfig; name = "Pods-Tests-iOS.release.xcconfig"; path = "Pods/Target Support Files/Pods-Tests-iOS/Pods-Tests-iOS.release.xcconfig"; sourceTree = "<group>"; };
		40632CC892BA0A1B705F1354 /* Pods-Tests-OSX.debug.xcconfig */ = {isa = PBXFileReference; includeInIndex = 1; lastKnownFileType = text.xcconfig; name = "Pods-Tests-OSX.debug.xcconfig"; path = "Pods/Target Support Files/Pods-Tests-OSX/Pods-Tests-OSX.debug.xcconfig"; sourceTree = "<group>"; };
		57C449BA1CFA762900571939 /* General.swift */ = {isa = PBXFileReference; fileEncoding = 4; lastKnownFileType = sourcecode.swift; name = General.swift; path = TestFiles/General.swift; sourceTree = "<group>"; };
		57E45C2E1CFB89BF00B0C868 /* OptionalTests.swift */ = {isa = PBXFileReference; fileEncoding = 4; lastKnownFileType = sourcecode.swift; name = OptionalTests.swift; path = TestFiles/OptionalTests.swift; sourceTree = "<group>"; };
		57ECC0141CF55784002AA20C /* Tests-OSX.xctest */ = {isa = PBXFileReference; explicitFileType = wrapper.cfbundle; includeInIndex = 0; path = "Tests-OSX.xctest"; sourceTree = BUILT_PRODUCTS_DIR; };
		57ECC0191CF55784002AA20C /* Info.plist */ = {isa = PBXFileReference; lastKnownFileType = text.plist.xml; path = Info.plist; sourceTree = "<group>"; };
		57ECC0211CF55799002AA20C /* Tests-iOS.xctest */ = {isa = PBXFileReference; explicitFileType = wrapper.cfbundle; includeInIndex = 0; path = "Tests-iOS.xctest"; sourceTree = BUILT_PRODUCTS_DIR; };
		57ECC0251CF5579A002AA20C /* Info.plist */ = {isa = PBXFileReference; lastKnownFileType = text.plist.xml; path = Info.plist; sourceTree = "<group>"; };
		57ECC0291CF55813002AA20C /* IOTests.swift */ = {isa = PBXFileReference; fileEncoding = 4; lastKnownFileType = sourcecode.swift; name = IOTests.swift; path = TestFiles/IOTests.swift; sourceTree = "<group>"; };
		659BF50129D17E374BD62054 /* Pods_Tests_iOS.framework */ = {isa = PBXFileReference; explicitFileType = wrapper.framework; includeInIndex = 0; path = Pods_Tests_iOS.framework; sourceTree = BUILT_PRODUCTS_DIR; };
		88C6F9A68076591E0DD7A355 /* Pods-Tests-OSX.release.xcconfig */ = {isa = PBXFileReference; includeInIndex = 1; lastKnownFileType = text.xcconfig; name = "Pods-Tests-OSX.release.xcconfig"; path = "Pods/Target Support Files/Pods-Tests-OSX/Pods-Tests-OSX.release.xcconfig"; sourceTree = "<group>"; };
		97B0A4E146A5BF4801CB24A7 /* Pods-Tests-iOS.debug.xcconfig */ = {isa = PBXFileReference; includeInIndex = 1; lastKnownFileType = text.xcconfig; name = "Pods-Tests-iOS.debug.xcconfig"; path = "Pods/Target Support Files/Pods-Tests-iOS/Pods-Tests-iOS.debug.xcconfig"; sourceTree = "<group>"; };
		DFC16DDC6D674AFA829FA8C4 /* Pods_Tests_OSX.framework */ = {isa = PBXFileReference; explicitFileType = wrapper.framework; includeInIndex = 0; path = Pods_Tests_OSX.framework; sourceTree = BUILT_PRODUCTS_DIR; };
/* End PBXFileReference section */

/* Begin PBXFrameworksBuildPhase section */
		57ECC0111CF55784002AA20C /* Frameworks */ = {
			isa = PBXFrameworksBuildPhase;
			buildActionMask = 2147483647;
			files = (
				16FC6F065BCD5A8F2AE7BE13 /* Pods_Tests_OSX.framework in Frameworks */,
			);
			runOnlyForDeploymentPostprocessing = 0;
		};
		57ECC01E1CF55799002AA20C /* Frameworks */ = {
			isa = PBXFrameworksBuildPhase;
			buildActionMask = 2147483647;
			files = (
				6976BF747BF33F4DD253369B /* Pods_Tests_iOS.framework in Frameworks */,
			);
			runOnlyForDeploymentPostprocessing = 0;
		};
/* End PBXFrameworksBuildPhase section */

/* Begin PBXGroup section */
		57ECC0091CF55744002AA20C = {
			isa = PBXGroup;
			children = (
				57ECC02C1CF55833002AA20C /* Tests */,
				57ECC0161CF55784002AA20C /* Tests-OSX */,
				57ECC0221CF5579A002AA20C /* Tests-iOS */,
				57ECC0151CF55784002AA20C /* Products */,
				9EC53B2F5E9987B490E2D336 /* Pods */,
				FE4211A8259070FB22467844 /* Frameworks */,
			);
			sourceTree = "<group>";
		};
		57ECC0151CF55784002AA20C /* Products */ = {
			isa = PBXGroup;
			children = (
				57ECC0141CF55784002AA20C /* Tests-OSX.xctest */,
				57ECC0211CF55799002AA20C /* Tests-iOS.xctest */,
			);
			name = Products;
			sourceTree = "<group>";
		};
		57ECC0161CF55784002AA20C /* Tests-OSX */ = {
			isa = PBXGroup;
			children = (
				57ECC0191CF55784002AA20C /* Info.plist */,
			);
			path = "Tests-OSX";
			sourceTree = "<group>";
		};
		57ECC0221CF5579A002AA20C /* Tests-iOS */ = {
			isa = PBXGroup;
			children = (
				57ECC0251CF5579A002AA20C /* Info.plist */,
			);
			path = "Tests-iOS";
			sourceTree = "<group>";
		};
		57ECC02C1CF55833002AA20C /* Tests */ = {
			isa = PBXGroup;
			children = (
				57ECC0291CF55813002AA20C /* IOTests.swift */,
				57E45C2E1CFB89BF00B0C868 /* OptionalTests.swift */,
				57C449BA1CFA762900571939 /* General.swift */,
			);
			name = Tests;
			sourceTree = "<group>";
		};
		9EC53B2F5E9987B490E2D336 /* Pods */ = {
			isa = PBXGroup;
			children = (
				40632CC892BA0A1B705F1354 /* Pods-Tests-OSX.debug.xcconfig */,
				88C6F9A68076591E0DD7A355 /* Pods-Tests-OSX.release.xcconfig */,
				97B0A4E146A5BF4801CB24A7 /* Pods-Tests-iOS.debug.xcconfig */,
				1915923E0F1E961CA09B39D3 /* Pods-Tests-iOS.release.xcconfig */,
			);
			name = Pods;
			sourceTree = "<group>";
		};
		FE4211A8259070FB22467844 /* Frameworks */ = {
			isa = PBXGroup;
			children = (
				DFC16DDC6D674AFA829FA8C4 /* Pods_Tests_OSX.framework */,
				659BF50129D17E374BD62054 /* Pods_Tests_iOS.framework */,
			);
			name = Frameworks;
			sourceTree = "<group>";
		};
/* End PBXGroup section */

/* Begin PBXNativeTarget section */
		57ECC0131CF55784002AA20C /* Tests-OSX */ = {
			isa = PBXNativeTarget;
			buildConfigurationList = 57ECC01A1CF55784002AA20C /* Build configuration list for PBXNativeTarget "Tests-OSX" */;
			buildPhases = (
				9525CD9D460773895CF2B0BB /* 📦 Check Pods Manifest.lock */,
				57ECC0101CF55784002AA20C /* Sources */,
				57ECC0111CF55784002AA20C /* Frameworks */,
				57ECC0121CF55784002AA20C /* Resources */,
				8F7C18A411DDBE6E13EF2C2C /* 📦 Embed Pods Frameworks */,
				0E83F521B4E7FFBF45B45FE2 /* 📦 Copy Pods Resources */,
			);
			buildRules = (
			);
			dependencies = (
			);
			name = "Tests-OSX";
			productName = "Tests-OSX";
			productReference = 57ECC0141CF55784002AA20C /* Tests-OSX.xctest */;
			productType = "com.apple.product-type.bundle.unit-test";
		};
		57ECC0201CF55799002AA20C /* Tests-iOS */ = {
			isa = PBXNativeTarget;
			buildConfigurationList = 57ECC0261CF5579A002AA20C /* Build configuration list for PBXNativeTarget "Tests-iOS" */;
			buildPhases = (
				04EA14F33A2B970C1B37AA2B /* 📦 Check Pods Manifest.lock */,
				57ECC01D1CF55799002AA20C /* Sources */,
				57ECC01E1CF55799002AA20C /* Frameworks */,
				57ECC01F1CF55799002AA20C /* Resources */,
				99256555E1BC6A3179889F12 /* 📦 Embed Pods Frameworks */,
				916BAEA5D19F35923B6FE9B4 /* 📦 Copy Pods Resources */,
			);
			buildRules = (
			);
			dependencies = (
			);
			name = "Tests-iOS";
			productName = "Tests-iOS";
			productReference = 57ECC0211CF55799002AA20C /* Tests-iOS.xctest */;
			productType = "com.apple.product-type.bundle.unit-test";
		};
/* End PBXNativeTarget section */

/* Begin PBXProject section */
		57ECC00A1CF55744002AA20C /* Project object */ = {
			isa = PBXProject;
			attributes = {
				LastSwiftUpdateCheck = 0730;
				LastUpgradeCheck = 0730;
				TargetAttributes = {
					57ECC0131CF55784002AA20C = {
						CreatedOnToolsVersion = 7.3.1;
					};
					57ECC0201CF55799002AA20C = {
						CreatedOnToolsVersion = 7.3.1;
					};
				};
			};
			buildConfigurationList = 57ECC00D1CF55744002AA20C /* Build configuration list for PBXProject "Tests" */;
			compatibilityVersion = "Xcode 3.2";
			developmentRegion = English;
			hasScannedForEncodings = 0;
			knownRegions = (
				en,
			);
			mainGroup = 57ECC0091CF55744002AA20C;
			productRefGroup = 57ECC0151CF55784002AA20C /* Products */;
			projectDirPath = "";
			projectRoot = "";
			targets = (
				57ECC0131CF55784002AA20C /* Tests-OSX */,
				57ECC0201CF55799002AA20C /* Tests-iOS */,
			);
		};
/* End PBXProject section */

/* Begin PBXResourcesBuildPhase section */
		57ECC0121CF55784002AA20C /* Resources */ = {
			isa = PBXResourcesBuildPhase;
			buildActionMask = 2147483647;
			files = (
			);
			runOnlyForDeploymentPostprocessing = 0;
		};
		57ECC01F1CF55799002AA20C /* Resources */ = {
			isa = PBXResourcesBuildPhase;
			buildActionMask = 2147483647;
			files = (
			);
			runOnlyForDeploymentPostprocessing = 0;
		};
/* End PBXResourcesBuildPhase section */

/* Begin PBXShellScriptBuildPhase section */
		04EA14F33A2B970C1B37AA2B /* 📦 Check Pods Manifest.lock */ = {
			isa = PBXShellScriptBuildPhase;
			buildActionMask = 2147483647;
			files = (
			);
			inputPaths = (
			);
			name = "📦 Check Pods Manifest.lock";
			outputPaths = (
			);
			runOnlyForDeploymentPostprocessing = 0;
			shellPath = /bin/sh;
			shellScript = "diff \"${PODS_ROOT}/../Podfile.lock\" \"${PODS_ROOT}/Manifest.lock\" > /dev/null\nif [[ $? != 0 ]] ; then\n    cat << EOM\nerror: The sandbox is not in sync with the Podfile.lock. Run 'pod install' or update your CocoaPods installation.\nEOM\n    exit 1\nfi\n";
			showEnvVarsInLog = 0;
		};
		0E83F521B4E7FFBF45B45FE2 /* 📦 Copy Pods Resources */ = {
			isa = PBXShellScriptBuildPhase;
			buildActionMask = 2147483647;
			files = (
			);
			inputPaths = (
			);
			name = "📦 Copy Pods Resources";
			outputPaths = (
			);
			runOnlyForDeploymentPostprocessing = 0;
			shellPath = /bin/sh;
			shellScript = "\"${SRCROOT}/Pods/Target Support Files/Pods-Tests-OSX/Pods-Tests-OSX-resources.sh\"\n";
			showEnvVarsInLog = 0;
		};
		8F7C18A411DDBE6E13EF2C2C /* 📦 Embed Pods Frameworks */ = {
			isa = PBXShellScriptBuildPhase;
			buildActionMask = 2147483647;
			files = (
			);
			inputPaths = (
			);
			name = "📦 Embed Pods Frameworks";
			outputPaths = (
			);
			runOnlyForDeploymentPostprocessing = 0;
			shellPath = /bin/sh;
			shellScript = "\"${SRCROOT}/Pods/Target Support Files/Pods-Tests-OSX/Pods-Tests-OSX-frameworks.sh\"\n";
			showEnvVarsInLog = 0;
		};
		916BAEA5D19F35923B6FE9B4 /* 📦 Copy Pods Resources */ = {
			isa = PBXShellScriptBuildPhase;
			buildActionMask = 2147483647;
			files = (
			);
			inputPaths = (
			);
			name = "📦 Copy Pods Resources";
			outputPaths = (
			);
			runOnlyForDeploymentPostprocessing = 0;
			shellPath = /bin/sh;
			shellScript = "\"${SRCROOT}/Pods/Target Support Files/Pods-Tests-iOS/Pods-Tests-iOS-resources.sh\"\n";
			showEnvVarsInLog = 0;
		};
		9525CD9D460773895CF2B0BB /* 📦 Check Pods Manifest.lock */ = {
			isa = PBXShellScriptBuildPhase;
			buildActionMask = 2147483647;
			files = (
			);
			inputPaths = (
			);
			name = "📦 Check Pods Manifest.lock";
			outputPaths = (
			);
			runOnlyForDeploymentPostprocessing = 0;
			shellPath = /bin/sh;
			shellScript = "diff \"${PODS_ROOT}/../Podfile.lock\" \"${PODS_ROOT}/Manifest.lock\" > /dev/null\nif [[ $? != 0 ]] ; then\n    cat << EOM\nerror: The sandbox is not in sync with the Podfile.lock. Run 'pod install' or update your CocoaPods installation.\nEOM\n    exit 1\nfi\n";
			showEnvVarsInLog = 0;
		};
		99256555E1BC6A3179889F12 /* 📦 Embed Pods Frameworks */ = {
			isa = PBXShellScriptBuildPhase;
			buildActionMask = 2147483647;
			files = (
			);
			inputPaths = (
			);
			name = "📦 Embed Pods Frameworks";
			outputPaths = (
			);
			runOnlyForDeploymentPostprocessing = 0;
			shellPath = /bin/sh;
			shellScript = "\"${SRCROOT}/Pods/Target Support Files/Pods-Tests-iOS/Pods-Tests-iOS-frameworks.sh\"\n";
			showEnvVarsInLog = 0;
		};
/* End PBXShellScriptBuildPhase section */

/* Begin PBXSourcesBuildPhase section */
		57ECC0101CF55784002AA20C /* Sources */ = {
			isa = PBXSourcesBuildPhase;
			buildActionMask = 2147483647;
			files = (
				57C449BB1CFA762900571939 /* General.swift in Sources */,
				57ECC02A1CF55813002AA20C /* IOTests.swift in Sources */,
				57E45C2F1CFB89BF00B0C868 /* OptionalTests.swift in Sources */,
			);
			runOnlyForDeploymentPostprocessing = 0;
		};
		57ECC01D1CF55799002AA20C /* Sources */ = {
			isa = PBXSourcesBuildPhase;
			buildActionMask = 2147483647;
			files = (
				57C449BC1CFA762900571939 /* General.swift in Sources */,
				57ECC02B1CF55813002AA20C /* IOTests.swift in Sources */,
				57E45C301CFB89BF00B0C868 /* OptionalTests.swift in Sources */,
			);
			runOnlyForDeploymentPostprocessing = 0;
		};
/* End PBXSourcesBuildPhase section */

/* Begin XCBuildConfiguration section */
		57ECC00E1CF55744002AA20C /* Debug */ = {
			isa = XCBuildConfiguration;
			buildSettings = {
			};
			name = Debug;
		};
		57ECC00F1CF55744002AA20C /* Release */ = {
			isa = XCBuildConfiguration;
			buildSettings = {
			};
			name = Release;
		};
		57ECC01B1CF55784002AA20C /* Debug */ = {
			isa = XCBuildConfiguration;
			baseConfigurationReference = 40632CC892BA0A1B705F1354 /* Pods-Tests-OSX.debug.xcconfig */;
			buildSettings = {
				ALWAYS_SEARCH_USER_PATHS = NO;
				CLANG_ANALYZER_NONNULL = YES;
				CLANG_CXX_LANGUAGE_STANDARD = "gnu++0x";
				CLANG_CXX_LIBRARY = "libc++";
				CLANG_ENABLE_MODULES = YES;
				CLANG_ENABLE_OBJC_ARC = YES;
				CLANG_WARN_BOOL_CONVERSION = YES;
				CLANG_WARN_CONSTANT_CONVERSION = YES;
				CLANG_WARN_DIRECT_OBJC_ISA_USAGE = YES_ERROR;
				CLANG_WARN_EMPTY_BODY = YES;
				CLANG_WARN_ENUM_CONVERSION = YES;
				CLANG_WARN_INT_CONVERSION = YES;
				CLANG_WARN_OBJC_ROOT_CLASS = YES_ERROR;
				CLANG_WARN_UNREACHABLE_CODE = YES;
				CLANG_WARN__DUPLICATE_METHOD_MATCH = YES;
				CODE_SIGN_IDENTITY = "-";
				COMBINE_HIDPI_IMAGES = YES;
				COPY_PHASE_STRIP = NO;
				DEBUG_INFORMATION_FORMAT = dwarf;
				ENABLE_STRICT_OBJC_MSGSEND = YES;
				ENABLE_TESTABILITY = YES;
				GCC_C_LANGUAGE_STANDARD = gnu99;
				GCC_DYNAMIC_NO_PIC = NO;
				GCC_NO_COMMON_BLOCKS = YES;
				GCC_OPTIMIZATION_LEVEL = 0;
				GCC_PREPROCESSOR_DEFINITIONS = (
					"DEBUG=1",
					"$(inherited)",
				);
				GCC_WARN_64_TO_32_BIT_CONVERSION = YES;
				GCC_WARN_ABOUT_RETURN_TYPE = YES_ERROR;
				GCC_WARN_UNDECLARED_SELECTOR = YES;
				GCC_WARN_UNINITIALIZED_AUTOS = YES_AGGRESSIVE;
				GCC_WARN_UNUSED_FUNCTION = YES;
				GCC_WARN_UNUSED_VARIABLE = YES;
				INFOPLIST_FILE = "Tests-OSX/Info.plist";
				LD_RUNPATH_SEARCH_PATHS = "$(inherited) @executable_path/../Frameworks @loader_path/../Frameworks";
				MACOSX_DEPLOYMENT_TARGET = 10.11;
				MTL_ENABLE_DEBUG_INFO = YES;
				ONLY_ACTIVE_ARCH = YES;
				PRODUCT_BUNDLE_IDENTIFIER = "com.letvargo.Tests-OSX";
				PRODUCT_NAME = "$(TARGET_NAME)";
				SDKROOT = macosx;
				SWIFT_OPTIMIZATION_LEVEL = "-Onone";
			};
			name = Debug;
		};
		57ECC01C1CF55784002AA20C /* Release */ = {
			isa = XCBuildConfiguration;
			baseConfigurationReference = 88C6F9A68076591E0DD7A355 /* Pods-Tests-OSX.release.xcconfig */;
			buildSettings = {
				ALWAYS_SEARCH_USER_PATHS = NO;
				CLANG_ANALYZER_NONNULL = YES;
				CLANG_CXX_LANGUAGE_STANDARD = "gnu++0x";
				CLANG_CXX_LIBRARY = "libc++";
				CLANG_ENABLE_MODULES = YES;
				CLANG_ENABLE_OBJC_ARC = YES;
				CLANG_WARN_BOOL_CONVERSION = YES;
				CLANG_WARN_CONSTANT_CONVERSION = YES;
				CLANG_WARN_DIRECT_OBJC_ISA_USAGE = YES_ERROR;
				CLANG_WARN_EMPTY_BODY = YES;
				CLANG_WARN_ENUM_CONVERSION = YES;
				CLANG_WARN_INT_CONVERSION = YES;
				CLANG_WARN_OBJC_ROOT_CLASS = YES_ERROR;
				CLANG_WARN_UNREACHABLE_CODE = YES;
				CLANG_WARN__DUPLICATE_METHOD_MATCH = YES;
				CODE_SIGN_IDENTITY = "-";
				COMBINE_HIDPI_IMAGES = YES;
				COPY_PHASE_STRIP = NO;
				DEBUG_INFORMATION_FORMAT = "dwarf-with-dsym";
				ENABLE_NS_ASSERTIONS = NO;
				ENABLE_STRICT_OBJC_MSGSEND = YES;
				GCC_C_LANGUAGE_STANDARD = gnu99;
				GCC_NO_COMMON_BLOCKS = YES;
				GCC_WARN_64_TO_32_BIT_CONVERSION = YES;
				GCC_WARN_ABOUT_RETURN_TYPE = YES_ERROR;
				GCC_WARN_UNDECLARED_SELECTOR = YES;
				GCC_WARN_UNINITIALIZED_AUTOS = YES_AGGRESSIVE;
				GCC_WARN_UNUSED_FUNCTION = YES;
				GCC_WARN_UNUSED_VARIABLE = YES;
				INFOPLIST_FILE = "Tests-OSX/Info.plist";
				LD_RUNPATH_SEARCH_PATHS = "$(inherited) @executable_path/../Frameworks @loader_path/../Frameworks";
				MACOSX_DEPLOYMENT_TARGET = 10.11;
				MTL_ENABLE_DEBUG_INFO = NO;
				PRODUCT_BUNDLE_IDENTIFIER = "com.letvargo.Tests-OSX";
				PRODUCT_NAME = "$(TARGET_NAME)";
				SDKROOT = macosx;
			};
			name = Release;
		};
		57ECC0271CF5579A002AA20C /* Debug */ = {
			isa = XCBuildConfiguration;
			baseConfigurationReference = 97B0A4E146A5BF4801CB24A7 /* Pods-Tests-iOS.debug.xcconfig */;
			buildSettings = {
				ALWAYS_SEARCH_USER_PATHS = NO;
				CLANG_ANALYZER_NONNULL = YES;
				CLANG_CXX_LANGUAGE_STANDARD = "gnu++0x";
				CLANG_CXX_LIBRARY = "libc++";
				CLANG_ENABLE_MODULES = YES;
				CLANG_ENABLE_OBJC_ARC = YES;
				CLANG_WARN_BOOL_CONVERSION = YES;
				CLANG_WARN_CONSTANT_CONVERSION = YES;
				CLANG_WARN_DIRECT_OBJC_ISA_USAGE = YES_ERROR;
				CLANG_WARN_EMPTY_BODY = YES;
				CLANG_WARN_ENUM_CONVERSION = YES;
				CLANG_WARN_INT_CONVERSION = YES;
				CLANG_WARN_OBJC_ROOT_CLASS = YES_ERROR;
				CLANG_WARN_UNREACHABLE_CODE = YES;
				CLANG_WARN__DUPLICATE_METHOD_MATCH = YES;
				"CODE_SIGN_IDENTITY[sdk=iphoneos*]" = "iPhone Developer";
				COPY_PHASE_STRIP = NO;
				DEBUG_INFORMATION_FORMAT = dwarf;
				ENABLE_STRICT_OBJC_MSGSEND = YES;
				ENABLE_TESTABILITY = YES;
				GCC_C_LANGUAGE_STANDARD = gnu99;
				GCC_DYNAMIC_NO_PIC = NO;
				GCC_NO_COMMON_BLOCKS = YES;
				GCC_OPTIMIZATION_LEVEL = 0;
				GCC_PREPROCESSOR_DEFINITIONS = (
					"DEBUG=1",
					"$(inherited)",
				);
				GCC_WARN_64_TO_32_BIT_CONVERSION = YES;
				GCC_WARN_ABOUT_RETURN_TYPE = YES_ERROR;
				GCC_WARN_UNDECLARED_SELECTOR = YES;
				GCC_WARN_UNINITIALIZED_AUTOS = YES_AGGRESSIVE;
				GCC_WARN_UNUSED_FUNCTION = YES;
				GCC_WARN_UNUSED_VARIABLE = YES;
				INFOPLIST_FILE = "Tests-iOS/Info.plist";
				IPHONEOS_DEPLOYMENT_TARGET = 9.3;
				LD_RUNPATH_SEARCH_PATHS = "$(inherited) @executable_path/Frameworks @loader_path/Frameworks";
				MTL_ENABLE_DEBUG_INFO = YES;
				ONLY_ACTIVE_ARCH = YES;
				PRODUCT_BUNDLE_IDENTIFIER = "com.letvargo.Tests-iOS";
				PRODUCT_NAME = "$(TARGET_NAME)";
				SDKROOT = iphoneos;
				SWIFT_OPTIMIZATION_LEVEL = "-Onone";
			};
			name = Debug;
		};
		57ECC0281CF5579A002AA20C /* Release */ = {
			isa = XCBuildConfiguration;
			baseConfigurationReference = 1915923E0F1E961CA09B39D3 /* Pods-Tests-iOS.release.xcconfig */;
			buildSettings = {
				ALWAYS_SEARCH_USER_PATHS = NO;
				CLANG_ANALYZER_NONNULL = YES;
				CLANG_CXX_LANGUAGE_STANDARD = "gnu++0x";
				CLANG_CXX_LIBRARY = "libc++";
				CLANG_ENABLE_MODULES = YES;
				CLANG_ENABLE_OBJC_ARC = YES;
				CLANG_WARN_BOOL_CONVERSION = YES;
				CLANG_WARN_CONSTANT_CONVERSION = YES;
				CLANG_WARN_DIRECT_OBJC_ISA_USAGE = YES_ERROR;
				CLANG_WARN_EMPTY_BODY = YES;
				CLANG_WARN_ENUM_CONVERSION = YES;
				CLANG_WARN_INT_CONVERSION = YES;
				CLANG_WARN_OBJC_ROOT_CLASS = YES_ERROR;
				CLANG_WARN_UNREACHABLE_CODE = YES;
				CLANG_WARN__DUPLICATE_METHOD_MATCH = YES;
				"CODE_SIGN_IDENTITY[sdk=iphoneos*]" = "iPhone Developer";
				COPY_PHASE_STRIP = NO;
				DEBUG_INFORMATION_FORMAT = "dwarf-with-dsym";
				ENABLE_NS_ASSERTIONS = NO;
				ENABLE_STRICT_OBJC_MSGSEND = YES;
				GCC_C_LANGUAGE_STANDARD = gnu99;
				GCC_NO_COMMON_BLOCKS = YES;
				GCC_WARN_64_TO_32_BIT_CONVERSION = YES;
				GCC_WARN_ABOUT_RETURN_TYPE = YES_ERROR;
				GCC_WARN_UNDECLARED_SELECTOR = YES;
				GCC_WARN_UNINITIALIZED_AUTOS = YES_AGGRESSIVE;
				GCC_WARN_UNUSED_FUNCTION = YES;
				GCC_WARN_UNUSED_VARIABLE = YES;
				INFOPLIST_FILE = "Tests-iOS/Info.plist";
				IPHONEOS_DEPLOYMENT_TARGET = 9.3;
				LD_RUNPATH_SEARCH_PATHS = "$(inherited) @executable_path/Frameworks @loader_path/Frameworks";
				MTL_ENABLE_DEBUG_INFO = NO;
				PRODUCT_BUNDLE_IDENTIFIER = "com.letvargo.Tests-iOS";
				PRODUCT_NAME = "$(TARGET_NAME)";
				SDKROOT = iphoneos;
				VALIDATE_PRODUCT = YES;
			};
			name = Release;
		};
/* End XCBuildConfiguration section */

/* Begin XCConfigurationList section */
		57ECC00D1CF55744002AA20C /* Build configuration list for PBXProject "Tests" */ = {
			isa = XCConfigurationList;
			buildConfigurations = (
				57ECC00E1CF55744002AA20C /* Debug */,
				57ECC00F1CF55744002AA20C /* Release */,
			);
			defaultConfigurationIsVisible = 0;
			defaultConfigurationName = Release;
		};
		57ECC01A1CF55784002AA20C /* Build configuration list for PBXNativeTarget "Tests-OSX" */ = {
			isa = XCConfigurationList;
			buildConfigurations = (
				57ECC01B1CF55784002AA20C /* Debug */,
				57ECC01C1CF55784002AA20C /* Release */,
			);
			defaultConfigurationIsVisible = 0;
			defaultConfigurationName = Release;
		};
		57ECC0261CF5579A002AA20C /* Build configuration list for PBXNativeTarget "Tests-iOS" */ = {
			isa = XCConfigurationList;
			buildConfigurations = (
				57ECC0271CF5579A002AA20C /* Debug */,
				57ECC0281CF5579A002AA20C /* Release */,
			);
			defaultConfigurationIsVisible = 0;
			defaultConfigurationName = Release;
		};
/* End XCConfigurationList section */
	};
	rootObject = 57ECC00A1CF55744002AA20C /* Project object */;
}
